
Microsoft Visual Studio Solution File, Format Version 12.00
# Visual Studio 15
VisualStudioVersion = 15.0.27703.2035
MinimumVisualStudioVersion = 10.0.40219.1
Project("{9A19103F-16F7-4668-BE54-9A1E7A4F7556}") = "DatingApp.api", "DatingApp.api.csproj", "{CFF40574-9594-440F-9FE8-591DD2A78548}"
EndProject
Global
	GlobalSection(SolutionConfigurationPlatforms) = preSolution
		Debug|Any CPU = Debug|Any CPU
		Release|Any CPU = Release|Any CPU
	EndGlobalSection
	GlobalSection(ProjectConfigurationPlatforms) = postSolution
		{CFF40574-9594-440F-9FE8-591DD2A78548}.Debug|Any CPU.ActiveCfg = Debug|Any CPU
		{CFF40574-9594-440F-9FE8-591DD2A78548}.Debug|Any CPU.Build.0 = Debug|Any CPU
		{CFF40574-9594-440F-9FE8-591DD2A78548}.Release|Any CPU.ActiveCfg = Release|Any CPU
		{CFF40574-9594-440F-9FE8-591DD2A78548}.Release|Any CPU.Build.0 = Release|Any CPU
	EndGlobalSection
	GlobalSection(SolutionProperties) = preSolution
		HideSolutionNode = FALSE
	EndGlobalSection
	GlobalSection(ExtensibilityGlobals) = postSolution
		SolutionGuid = {3A46EA23-7EBB-4C71-B8DE-4AC3F40D04B5}
	EndGlobalSection
EndGlobal
